
Microsoft Visual Studio Solution File, Format Version 12.00
# Visual Studio Version 17
VisualStudioVersion = 17.6.33815.320
MinimumVisualStudioVersion = 10.0.40219.1
Project("{FAE04EC0-301F-11D3-BF4B-00C04F79EFBC}") = "College_project", "College_project\College_project.csproj", "{00F00817-F5CA-4EA8-89E8-DC7531927410}"
EndProject
Global
	GlobalSection(SolutionConfigurationPlatforms) = preSolution
		Debug|Any CPU = Debug|Any CPU
		Release|Any CPU = Release|Any CPU
	EndGlobalSection
	GlobalSection(ProjectConfigurationPlatforms) = postSolution
		{00F00817-F5CA-4EA8-89E8-DC7531927410}.Debug|Any CPU.ActiveCfg = Debug|Any CPU
		{00F00817-F5CA-4EA8-89E8-DC7531927410}.Debug|Any CPU.Build.0 = Debug|Any CPU
		{00F00817-F5CA-4EA8-89E8-DC7531927410}.Release|Any CPU.ActiveCfg = Release|Any CPU
		{00F00817-F5CA-4EA8-89E8-DC7531927410}.Release|Any CPU.Build.0 = Release|Any CPU
	EndGlobalSection
	GlobalSection(SolutionProperties) = preSolution
		HideSolutionNode = FALSE
	EndGlobalSection
	GlobalSection(ExtensibilityGlobals) = postSolution
		SolutionGuid = {F0082F67-C1DC-42FF-B627-DD4E98D6E8B3}
	EndGlobalSection
EndGlobal
